{
  "name": "flubaru-cli",
  "version": "0.0.1-alpha",
  "lockfileVersion": 1,
  "requires": true,
  "dependencies": {
    "bindings": {
      "version": "1.5.0",
      "resolved": "https://registry.npmjs.org/bindings/-/bindings-1.5.0.tgz",
      "integrity": "sha512-p2q/t/mhvuOj/UeLlV6566GD/guowlr0hHxClI0W9m7MWYkL1F0hLo+0Aexs9HSPCtR1SXQ0TD3MMKrXZajbiQ==",
      "requires": {
        "file-uri-to-path": "1.0.0"
      }
    },
    "file-uri-to-path": {
      "version": "1.0.0",
      "resolved": "https://registry.npmjs.org/file-uri-to-path/-/file-uri-to-path-1.0.0.tgz",
      "integrity": "sha512-0Zt+s3L7Vf1biwWZ29aARiVYLx7iMGnEUl9x33fbB/j3jR81u/O2LbqK+Bm1CDSNDKVtJ/YjwY7TUd5SkeLQLw=="
    },
    "nan": {
      "version": "2.14.1",
      "resolved": "https://registry.npmjs.org/nan/-/nan-2.14.1.tgz",
      "integrity": "sha512-isWHgVjnFjh2x2yuJ/tj3JbwoHu3UC2dX5G/88Cm24yB6YopVgxvBObDY7n5xW6ExmFhJpSEQqFPvq9zaXc8Jw=="
    },
    "nano-md5": {
      "version": "1.0.5",
      "resolved": "https://registry.npmjs.org/nano-md5/-/nano-md5-1.0.5.tgz",
      "integrity": "sha512-1VAOX0EiuwAdCMGpnglxp9r6ylm+gXwQi+UPAnc/Oj1tLLJ8D1I8rLZeiO4MWsUAqH8tuBAHweT1LYSrDfJlPg=="
    },
    "naudiodon": {
      "version": "2.2.4",
      "resolved": "https://registry.npmjs.org/naudiodon/-/naudiodon-2.2.4.tgz",
      "integrity": "sha512-uPKhU3QSNqy4o7FCohAHxtIKqV4Bev7tGx5VoPS9Ekef+Amy1vJPjuFHYkbTm+DQRoKhXQ8m71caOsWK/D3aYA==",
      "requires": {
        "bindings": "^1.5.0",
        "node-addon-api": "^2.0.2",
        "segfault-handler": "^1.3.0"
      }
    },
    "node-addon-api": {
      "version": "2.0.2",
      "resolved": "https://registry.npmjs.org/node-addon-api/-/node-addon-api-2.0.2.tgz",
      "integrity": "sha512-Ntyt4AIXyaLIuMHF6IOoTakB3K+RWxwtsHNRxllEoA6vPwP9o4866g6YWDLUdnucilZhmkxiHwHr11gAENw+QA=="
    },
    "segfault-handler": {
      "version": "1.3.0",
      "resolved": "https://registry.npmjs.org/segfault-handler/-/segfault-handler-1.3.0.tgz",
      "integrity": "sha512-p7kVHo+4uoYkr0jmIiTBthwV5L2qmWtben/KDunDZ834mbos+tY+iO0//HpAJpOFSQZZ+wxKWuRo4DxV02B7Lg==",
      "requires": {
        "bindings": "^1.2.1",
        "nan": "^2.14.0"
      }
    },
    "tcp-audio-stream": {
      "version": "git+https://github.com/slackjockey/tcp-audio-stream.git#b3fa862bc436ba00984023e06c6652b8f4629529",
      "from": "git+https://github.com/slackjockey/tcp-audio-stream.git",
      "requires": {
        "nano-md5": "^1.0.5",
        "naudiodon": "^2.2.1"
      }
    }
  }
}
